PODS:
  - Apollo (0.23.0):
    - Apollo/Core (= 0.23.0)
  - Apollo/Core (0.23.0)
  - SQLite.swift (0.12.2):
    - SQLite.swift/standard (= 0.12.2)
  - SQLite.swift/standard (0.12.2)
  - SwiftLint (0.39.1)

DEPENDENCIES:
  - Apollo
  - SQLite.swift
  - SwiftLint

SPEC REPOS:
  trunk:
    - Apollo
    - SQLite.swift
    - SwiftLint

SPEC CHECKSUMS:
  Apollo: 7ccde5e643aab4a95ed4926fe9b3a593740c8b73
  SQLite.swift: d2b4642190917051ce6bd1d49aab565fe794eea3
  SwiftLint: 55e96a4a4d537d4a3156859fc1c54bd24851a046

PODFILE CHECKSUM: 2f8495c045297147cd83e028b2593e99f7817c94

COCOAPODS: 1.9.0
