PODS:
  - Apollo (0.15.3):
    - Apollo/Core (= 0.15.3)
  - Apollo/Core (0.15.3)

DEPENDENCIES:
  - Apollo

SPEC REPOS:
  https://github.com/cocoapods/specs.git:
    - Apollo

SPEC CHECKSUMS:
  Apollo: bec38cb63711f7c3f3c7c2faae3be9139d2a8a57

PODFILE CHECKSUM: f4c670caec680e1128d0bf91edf4b570ff6e21b9

COCOAPODS: 1.7.5
