// !$*UTF8*$!
{
	archiveVersion = 1;
	classes = {
	};
	objectVersion = 51;
	objects = {

/* Begin PBXBuildFile section */
		41E352046AEBB62B6D655099 /* Pods_ReittiKello.framework in Frameworks */ = {isa = PBXBuildFile; fileRef = BF3E63CF41E861B555513B9E /* Pods_ReittiKello.framework */; };
		B52097DBA03E50D674278474 /* Pods_ReittiKello_WatchKit_Extension.framework in Frameworks */ = {isa = PBXBuildFile; fileRef = 63FD7901634AA731ACA9769B /* Pods_ReittiKello_WatchKit_Extension.framework */; };
		D9E749D62E1704B1BC39325D /* Pods_ReittiKello_WatchKit_App.framework in Frameworks */ = {isa = PBXBuildFile; fileRef = CEC4AE3EC5EACC3A6B10EC04 /* Pods_ReittiKello_WatchKit_App.framework */; };
		E60A8D5F23376DAC00F0567E /* ViewModels.swift in Sources */ = {isa = PBXBuildFile; fileRef = E60A8D5E23376DAC00F0567E /* ViewModels.swift */; };
		E60A8D61233787FD00F0567E /* LocationService.swift in Sources */ = {isa = PBXBuildFile; fileRef = E60A8D60233787FD00F0567E /* LocationService.swift */; };
		E60A8D632337AACF00F0567E /* StopRow.swift in Sources */ = {isa = PBXBuildFile; fileRef = E60A8D622337AACF00F0567E /* StopRow.swift */; };
		E60A8D652338EE2800F0567E /* DeparturesView.swift in Sources */ = {isa = PBXBuildFile; fileRef = E60A8D642338EE2800F0567E /* DeparturesView.swift */; };
		E64AFA1F232D11B6003970B5 /* NetworkingService.swift in Sources */ = {isa = PBXBuildFile; fileRef = E64AFA1E232D11B6003970B5 /* NetworkingService.swift */; };
		E65C2240232838BB006493F5 /* ReittiKello WatchKit App.app in Embed Watch Content */ = {isa = PBXBuildFile; fileRef = E65C223F232838BB006493F5 /* ReittiKello WatchKit App.app */; settings = {ATTRIBUTES = (RemoveHeadersOnCopy, ); }; };
		E65C2246232838BC006493F5 /* Interface.storyboard in Resources */ = {isa = PBXBuildFile; fileRef = E65C2244232838BC006493F5 /* Interface.storyboard */; };
		E65C2248232838BE006493F5 /* Assets.xcassets in Resources */ = {isa = PBXBuildFile; fileRef = E65C2247232838BE006493F5 /* Assets.xcassets */; };
		E65C224F232838BF006493F5 /* ReittiKello WatchKit Extension.appex in Embed App Extensions */ = {isa = PBXBuildFile; fileRef = E65C224E232838BF006493F5 /* ReittiKello WatchKit Extension.appex */; settings = {ATTRIBUTES = (RemoveHeadersOnCopy, ); }; };
		E65C2254232838BF006493F5 /* ContentView.swift in Sources */ = {isa = PBXBuildFile; fileRef = E65C2253232838BF006493F5 /* ContentView.swift */; };
		E65C2256232838BF006493F5 /* HostingController.swift in Sources */ = {isa = PBXBuildFile; fileRef = E65C2255232838BF006493F5 /* HostingController.swift */; };
		E65C2258232838BF006493F5 /* ExtensionDelegate.swift in Sources */ = {isa = PBXBuildFile; fileRef = E65C2257232838BF006493F5 /* ExtensionDelegate.swift */; };
		E65C225A232838BF006493F5 /* NotificationController.swift in Sources */ = {isa = PBXBuildFile; fileRef = E65C2259232838BF006493F5 /* NotificationController.swift */; };
		E65C225C232838BF006493F5 /* NotificationView.swift in Sources */ = {isa = PBXBuildFile; fileRef = E65C225B232838BF006493F5 /* NotificationView.swift */; };
		E65C225E232838BF006493F5 /* ComplicationController.swift in Sources */ = {isa = PBXBuildFile; fileRef = E65C225D232838BF006493F5 /* ComplicationController.swift */; };
		E65C2260232838BF006493F5 /* Assets.xcassets in Resources */ = {isa = PBXBuildFile; fileRef = E65C225F232838BF006493F5 /* Assets.xcassets */; };
		E65C2263232838BF006493F5 /* Preview Assets.xcassets in Resources */ = {isa = PBXBuildFile; fileRef = E65C2262232838BF006493F5 /* Preview Assets.xcassets */; };
		E69B5A2D232D54D200A44B36 /* schema.json in Resources */ = {isa = PBXBuildFile; fileRef = E69B5A2C232D54D200A44B36 /* schema.json */; };
		E69B5A30232D568A00A44B36 /* hsl.graphql in Resources */ = {isa = PBXBuildFile; fileRef = E69B5A2F232D568A00A44B36 /* hsl.graphql */; };
		E69B5A32232D57C600A44B36 /* API.swift in Sources */ = {isa = PBXBuildFile; fileRef = E69B5A31232D57C600A44B36 /* API.swift */; };
		E6BC7A12232D18B70098C55A /* DeprtureRow.swift in Sources */ = {isa = PBXBuildFile; fileRef = E6BC7A11232D18B70098C55A /* DeprtureRow.swift */; };
/* End PBXBuildFile section */

/* Begin PBXContainerItemProxy section */
		E65C2241232838BB006493F5 /* PBXContainerItemProxy */ = {
			isa = PBXContainerItemProxy;
			containerPortal = E65C2235232838BB006493F5 /* Project object */;
			proxyType = 1;
			remoteGlobalIDString = E65C223E232838BB006493F5;
			remoteInfo = "ReittiKello WatchKit App";
		};
		E65C2250232838BF006493F5 /* PBXContainerItemProxy */ = {
			isa = PBXContainerItemProxy;
			containerPortal = E65C2235232838BB006493F5 /* Project object */;
			proxyType = 1;
			remoteGlobalIDString = E65C224D232838BF006493F5;
			remoteInfo = "ReittiKello WatchKit Extension";
		};
/* End PBXContainerItemProxy section */

/* Begin PBXCopyFilesBuildPhase section */
		E65C226B232838BF006493F5 /* Embed App Extensions */ = {
			isa = PBXCopyFilesBuildPhase;
			buildActionMask = 2147483647;
			dstPath = "";
			dstSubfolderSpec = 13;
			files = (
				E65C224F232838BF006493F5 /* ReittiKello WatchKit Extension.appex in Embed App Extensions */,
			);
			name = "Embed App Extensions";
			runOnlyForDeploymentPostprocessing = 0;
		};
		E65C226F232838BF006493F5 /* Embed Watch Content */ = {
			isa = PBXCopyFilesBuildPhase;
			buildActionMask = 2147483647;
			dstPath = "$(CONTENTS_FOLDER_PATH)/Watch";
			dstSubfolderSpec = 16;
			files = (
				E65C2240232838BB006493F5 /* ReittiKello WatchKit App.app in Embed Watch Content */,
			);
			name = "Embed Watch Content";
			runOnlyForDeploymentPostprocessing = 0;
		};
/* End PBXCopyFilesBuildPhase section */

/* Begin PBXFileReference section */
		0FA9ACFA070BFB1B06D001EB /* Pods-ReittiKello WatchKit Extension.debug.xcconfig */ = {isa = PBXFileReference; includeInIndex = 1; lastKnownFileType = text.xcconfig; name = "Pods-ReittiKello WatchKit Extension.debug.xcconfig"; path = "Target Support Files/Pods-ReittiKello WatchKit Extension/Pods-ReittiKello WatchKit Extension.debug.xcconfig"; sourceTree = "<group>"; };
		263532E5DFB11D8AA51B9476 /* Pods-ReittiKello WatchKit App.release.xcconfig */ = {isa = PBXFileReference; includeInIndex = 1; lastKnownFileType = text.xcconfig; name = "Pods-ReittiKello WatchKit App.release.xcconfig"; path = "Target Support Files/Pods-ReittiKello WatchKit App/Pods-ReittiKello WatchKit App.release.xcconfig"; sourceTree = "<group>"; };
		3404E6CFBF858EBF58BC6F8A /* Pods-ReittiKello.debug.xcconfig */ = {isa = PBXFileReference; includeInIndex = 1; lastKnownFileType = text.xcconfig; name = "Pods-ReittiKello.debug.xcconfig"; path = "Target Support Files/Pods-ReittiKello/Pods-ReittiKello.debug.xcconfig"; sourceTree = "<group>"; };
		63FD7901634AA731ACA9769B /* Pods_ReittiKello_WatchKit_Extension.framework */ = {isa = PBXFileReference; explicitFileType = wrapper.framework; includeInIndex = 0; path = Pods_ReittiKello_WatchKit_Extension.framework; sourceTree = BUILT_PRODUCTS_DIR; };
		798D839723B884E2FC5738FC /* Pods-ReittiKello.release.xcconfig */ = {isa = PBXFileReference; includeInIndex = 1; lastKnownFileType = text.xcconfig; name = "Pods-ReittiKello.release.xcconfig"; path = "Target Support Files/Pods-ReittiKello/Pods-ReittiKello.release.xcconfig"; sourceTree = "<group>"; };
		85851E6C2CA000159A8619CF /* Pods-ReittiKello WatchKit App.debug.xcconfig */ = {isa = PBXFileReference; includeInIndex = 1; lastKnownFileType = text.xcconfig; name = "Pods-ReittiKello WatchKit App.debug.xcconfig"; path = "Target Support Files/Pods-ReittiKello WatchKit App/Pods-ReittiKello WatchKit App.debug.xcconfig"; sourceTree = "<group>"; };
		BF3E63CF41E861B555513B9E /* Pods_ReittiKello.framework */ = {isa = PBXFileReference; explicitFileType = wrapper.framework; includeInIndex = 0; path = Pods_ReittiKello.framework; sourceTree = BUILT_PRODUCTS_DIR; };
		CEC4AE3EC5EACC3A6B10EC04 /* Pods_ReittiKello_WatchKit_App.framework */ = {isa = PBXFileReference; explicitFileType = wrapper.framework; includeInIndex = 0; path = Pods_ReittiKello_WatchKit_App.framework; sourceTree = BUILT_PRODUCTS_DIR; };
		E60A8D5E23376DAC00F0567E /* ViewModels.swift */ = {isa = PBXFileReference; lastKnownFileType = sourcecode.swift; path = ViewModels.swift; sourceTree = "<group>"; };
		E60A8D60233787FD00F0567E /* LocationService.swift */ = {isa = PBXFileReference; lastKnownFileType = sourcecode.swift; path = LocationService.swift; sourceTree = "<group>"; };
		E60A8D622337AACF00F0567E /* StopRow.swift */ = {isa = PBXFileReference; lastKnownFileType = sourcecode.swift; path = StopRow.swift; sourceTree = "<group>"; };
		E60A8D642338EE2800F0567E /* DeparturesView.swift */ = {isa = PBXFileReference; lastKnownFileType = sourcecode.swift; path = DeparturesView.swift; sourceTree = "<group>"; };
		E64AFA1E232D11B6003970B5 /* NetworkingService.swift */ = {isa = PBXFileReference; lastKnownFileType = sourcecode.swift; path = NetworkingService.swift; sourceTree = "<group>"; };
		E65C223B232838BB006493F5 /* ReittiKello.app */ = {isa = PBXFileReference; explicitFileType = wrapper.application; includeInIndex = 0; path = ReittiKello.app; sourceTree = BUILT_PRODUCTS_DIR; };
		E65C223F232838BB006493F5 /* ReittiKello WatchKit App.app */ = {isa = PBXFileReference; explicitFileType = wrapper.application; includeInIndex = 0; path = "ReittiKello WatchKit App.app"; sourceTree = BUILT_PRODUCTS_DIR; };
		E65C2245232838BC006493F5 /* Base */ = {isa = PBXFileReference; lastKnownFileType = file.storyboard; name = Base; path = Base.lproj/Interface.storyboard; sourceTree = "<group>"; };
		E65C2247232838BE006493F5 /* Assets.xcassets */ = {isa = PBXFileReference; lastKnownFileType = folder.assetcatalog; path = Assets.xcassets; sourceTree = "<group>"; };
		E65C2249232838BE006493F5 /* Info.plist */ = {isa = PBXFileReference; lastKnownFileType = text.plist.xml; path = Info.plist; sourceTree = "<group>"; };
		E65C224E232838BF006493F5 /* ReittiKello WatchKit Extension.appex */ = {isa = PBXFileReference; explicitFileType = "wrapper.app-extension"; includeInIndex = 0; path = "ReittiKello WatchKit Extension.appex"; sourceTree = BUILT_PRODUCTS_DIR; };
		E65C2253232838BF006493F5 /* ContentView.swift */ = {isa = PBXFileReference; lastKnownFileType = sourcecode.swift; path = ContentView.swift; sourceTree = "<group>"; };
		E65C2255232838BF006493F5 /* HostingController.swift */ = {isa = PBXFileReference; lastKnownFileType = sourcecode.swift; path = HostingController.swift; sourceTree = "<group>"; };
		E65C2257232838BF006493F5 /* ExtensionDelegate.swift */ = {isa = PBXFileReference; lastKnownFileType = sourcecode.swift; path = ExtensionDelegate.swift; sourceTree = "<group>"; };
		E65C2259232838BF006493F5 /* NotificationController.swift */ = {isa = PBXFileReference; lastKnownFileType = sourcecode.swift; path = NotificationController.swift; sourceTree = "<group>"; };
		E65C225B232838BF006493F5 /* NotificationView.swift */ = {isa = PBXFileReference; lastKnownFileType = sourcecode.swift; path = NotificationView.swift; sourceTree = "<group>"; };
		E65C225D232838BF006493F5 /* ComplicationController.swift */ = {isa = PBXFileReference; lastKnownFileType = sourcecode.swift; path = ComplicationController.swift; sourceTree = "<group>"; };
		E65C225F232838BF006493F5 /* Assets.xcassets */ = {isa = PBXFileReference; lastKnownFileType = folder.assetcatalog; path = Assets.xcassets; sourceTree = "<group>"; };
		E65C2262232838BF006493F5 /* Preview Assets.xcassets */ = {isa = PBXFileReference; lastKnownFileType = folder.assetcatalog; path = "Preview Assets.xcassets"; sourceTree = "<group>"; };
		E65C2264232838BF006493F5 /* Info.plist */ = {isa = PBXFileReference; lastKnownFileType = text.plist.xml; path = Info.plist; sourceTree = "<group>"; };
		E65C2265232838BF006493F5 /* PushNotificationPayload.apns */ = {isa = PBXFileReference; lastKnownFileType = text; path = PushNotificationPayload.apns; sourceTree = "<group>"; };
		E69B5A2C232D54D200A44B36 /* schema.json */ = {isa = PBXFileReference; fileEncoding = 4; lastKnownFileType = text.json; path = schema.json; sourceTree = "<group>"; };
		E69B5A2F232D568A00A44B36 /* hsl.graphql */ = {isa = PBXFileReference; lastKnownFileType = text; path = hsl.graphql; sourceTree = "<group>"; };
		E69B5A31232D57C600A44B36 /* API.swift */ = {isa = PBXFileReference; fileEncoding = 4; lastKnownFileType = sourcecode.swift; path = API.swift; sourceTree = "<group>"; };
		E6BC7A11232D18B70098C55A /* DeprtureRow.swift */ = {isa = PBXFileReference; lastKnownFileType = sourcecode.swift; path = DeprtureRow.swift; sourceTree = "<group>"; };
		F22EC24B9E931541322912C3 /* Pods-ReittiKello WatchKit Extension.release.xcconfig */ = {isa = PBXFileReference; includeInIndex = 1; lastKnownFileType = text.xcconfig; name = "Pods-ReittiKello WatchKit Extension.release.xcconfig"; path = "Target Support Files/Pods-ReittiKello WatchKit Extension/Pods-ReittiKello WatchKit Extension.release.xcconfig"; sourceTree = "<group>"; };
/* End PBXFileReference section */

/* Begin PBXFrameworksBuildPhase section */
		8E75DF7D2E40158236E37C61 /* Frameworks */ = {
			isa = PBXFrameworksBuildPhase;
			buildActionMask = 2147483647;
			files = (
				41E352046AEBB62B6D655099 /* Pods_ReittiKello.framework in Frameworks */,
			);
			runOnlyForDeploymentPostprocessing = 0;
		};
		CEB69FC26E82B5A20271F7E8 /* Frameworks */ = {
			isa = PBXFrameworksBuildPhase;
			buildActionMask = 2147483647;
			files = (
				D9E749D62E1704B1BC39325D /* Pods_ReittiKello_WatchKit_App.framework in Frameworks */,
			);
			runOnlyForDeploymentPostprocessing = 0;
		};
		E65C224B232838BF006493F5 /* Frameworks */ = {
			isa = PBXFrameworksBuildPhase;
			buildActionMask = 2147483647;
			files = (
				B52097DBA03E50D674278474 /* Pods_ReittiKello_WatchKit_Extension.framework in Frameworks */,
			);
			runOnlyForDeploymentPostprocessing = 0;
		};
/* End PBXFrameworksBuildPhase section */

/* Begin PBXGroup section */
		7D73AA35299D9232306E68E6 /* Frameworks */ = {
			isa = PBXGroup;
			children = (
				BF3E63CF41E861B555513B9E /* Pods_ReittiKello.framework */,
				CEC4AE3EC5EACC3A6B10EC04 /* Pods_ReittiKello_WatchKit_App.framework */,
				63FD7901634AA731ACA9769B /* Pods_ReittiKello_WatchKit_Extension.framework */,
			);
			name = Frameworks;
			sourceTree = "<group>";
		};
		ABC5445750DC24960756D618 /* Pods */ = {
			isa = PBXGroup;
			children = (
				3404E6CFBF858EBF58BC6F8A /* Pods-ReittiKello.debug.xcconfig */,
				798D839723B884E2FC5738FC /* Pods-ReittiKello.release.xcconfig */,
				85851E6C2CA000159A8619CF /* Pods-ReittiKello WatchKit App.debug.xcconfig */,
				263532E5DFB11D8AA51B9476 /* Pods-ReittiKello WatchKit App.release.xcconfig */,
				0FA9ACFA070BFB1B06D001EB /* Pods-ReittiKello WatchKit Extension.debug.xcconfig */,
				F22EC24B9E931541322912C3 /* Pods-ReittiKello WatchKit Extension.release.xcconfig */,
			);
			path = Pods;
			sourceTree = "<group>";
		};
		E65C2234232838BB006493F5 = {
			isa = PBXGroup;
			children = (
				E65C2243232838BB006493F5 /* ReittiKello WatchKit App */,
				E65C2252232838BF006493F5 /* ReittiKello WatchKit Extension */,
				E65C223C232838BB006493F5 /* Products */,
				ABC5445750DC24960756D618 /* Pods */,
				7D73AA35299D9232306E68E6 /* Frameworks */,
			);
			sourceTree = "<group>";
		};
		E65C223C232838BB006493F5 /* Products */ = {
			isa = PBXGroup;
			children = (
				E65C223B232838BB006493F5 /* ReittiKello.app */,
				E65C223F232838BB006493F5 /* ReittiKello WatchKit App.app */,
				E65C224E232838BF006493F5 /* ReittiKello WatchKit Extension.appex */,
			);
			name = Products;
			sourceTree = "<group>";
		};
		E65C2243232838BB006493F5 /* ReittiKello WatchKit App */ = {
			isa = PBXGroup;
			children = (
				E65C2244232838BC006493F5 /* Interface.storyboard */,
				E65C2247232838BE006493F5 /* Assets.xcassets */,
				E65C2249232838BE006493F5 /* Info.plist */,
			);
			path = "ReittiKello WatchKit App";
			sourceTree = "<group>";
		};
		E65C2252232838BF006493F5 /* ReittiKello WatchKit Extension */ = {
			isa = PBXGroup;
			children = (
				E65C2253232838BF006493F5 /* ContentView.swift */,
				E60A8D642338EE2800F0567E /* DeparturesView.swift */,
				E65C2255232838BF006493F5 /* HostingController.swift */,
				E65C2257232838BF006493F5 /* ExtensionDelegate.swift */,
				E65C2259232838BF006493F5 /* NotificationController.swift */,
				E65C225B232838BF006493F5 /* NotificationView.swift */,
				E65C225D232838BF006493F5 /* ComplicationController.swift */,
				E65C225F232838BF006493F5 /* Assets.xcassets */,
				E65C2264232838BF006493F5 /* Info.plist */,
				E65C2265232838BF006493F5 /* PushNotificationPayload.apns */,
				E65C2261232838BF006493F5 /* Preview Content */,
				E64AFA1E232D11B6003970B5 /* NetworkingService.swift */,
				E6BC7A11232D18B70098C55A /* DeprtureRow.swift */,
				E60A8D622337AACF00F0567E /* StopRow.swift */,
				E69B5A2C232D54D200A44B36 /* schema.json */,
				E69B5A2F232D568A00A44B36 /* hsl.graphql */,
				E69B5A31232D57C600A44B36 /* API.swift */,
				E60A8D5E23376DAC00F0567E /* ViewModels.swift */,
				E60A8D60233787FD00F0567E /* LocationService.swift */,
			);
			path = "ReittiKello WatchKit Extension";
			sourceTree = "<group>";
		};
		E65C2261232838BF006493F5 /* Preview Content */ = {
			isa = PBXGroup;
			children = (
				E65C2262232838BF006493F5 /* Preview Assets.xcassets */,
			);
			path = "Preview Content";
			sourceTree = "<group>";
		};
/* End PBXGroup section */

/* Begin PBXNativeTarget section */
		E65C223A232838BB006493F5 /* ReittiKello */ = {
			isa = PBXNativeTarget;
			buildConfigurationList = E65C2270232838BF006493F5 /* Build configuration list for PBXNativeTarget "ReittiKello" */;
			buildPhases = (
				619DFB61A76A34B819E9FA6F /* [CP] Check Pods Manifest.lock */,
				E65C2239232838BB006493F5 /* Resources */,
				E65C226F232838BF006493F5 /* Embed Watch Content */,
				8E75DF7D2E40158236E37C61 /* Frameworks */,
			);
			buildRules = (
			);
			dependencies = (
				E65C2242232838BB006493F5 /* PBXTargetDependency */,
			);
			name = ReittiKello;
			productName = ReittiKello;
			productReference = E65C223B232838BB006493F5 /* ReittiKello.app */;
			productType = "com.apple.product-type.application.watchapp2-container";
		};
		E65C223E232838BB006493F5 /* ReittiKello WatchKit App */ = {
			isa = PBXNativeTarget;
			buildConfigurationList = E65C226C232838BF006493F5 /* Build configuration list for PBXNativeTarget "ReittiKello WatchKit App" */;
			buildPhases = (
				CB60CDF0505EFA2B9FEEB393 /* [CP] Check Pods Manifest.lock */,
				E65C223D232838BB006493F5 /* Resources */,
				E65C226B232838BF006493F5 /* Embed App Extensions */,
				CEB69FC26E82B5A20271F7E8 /* Frameworks */,
			);
			buildRules = (
			);
			dependencies = (
				E65C2251232838BF006493F5 /* PBXTargetDependency */,
			);
			name = "ReittiKello WatchKit App";
			productName = "ReittiKello WatchKit App";
			productReference = E65C223F232838BB006493F5 /* ReittiKello WatchKit App.app */;
			productType = "com.apple.product-type.application.watchapp2";
		};
		E65C224D232838BF006493F5 /* ReittiKello WatchKit Extension */ = {
			isa = PBXNativeTarget;
			buildConfigurationList = E65C2268232838BF006493F5 /* Build configuration list for PBXNativeTarget "ReittiKello WatchKit Extension" */;
			buildPhases = (
				C414A7BF36830FA845BC0FB4 /* [CP] Check Pods Manifest.lock */,
				E69B5A2E232D54E500A44B36 /*  Generate Apollo GraphQL API */,
				E65C224A232838BF006493F5 /* Sources */,
				E65C224B232838BF006493F5 /* Frameworks */,
				E65C224C232838BF006493F5 /* Resources */,
				F35988C6FC725F34C2E1E76F /* [CP] Embed Pods Frameworks */,
			);
			buildRules = (
			);
			dependencies = (
			);
			name = "ReittiKello WatchKit Extension";
			productName = "ReittiKello WatchKit Extension";
			productReference = E65C224E232838BF006493F5 /* ReittiKello WatchKit Extension.appex */;
			productType = "com.apple.product-type.watchkit2-extension";
		};
/* End PBXNativeTarget section */

/* Begin PBXProject section */
		E65C2235232838BB006493F5 /* Project object */ = {
			isa = PBXProject;
			attributes = {
				LastSwiftUpdateCheck = 1100;
				LastUpgradeCheck = 1100;
				ORGANIZATIONNAME = "Mortti Aittokoski";
				TargetAttributes = {
					E65C223A232838BB006493F5 = {
						CreatedOnToolsVersion = 11.0;
						LastSwiftMigration = 1100;
					};
					E65C223E232838BB006493F5 = {
						CreatedOnToolsVersion = 11.0;
						LastSwiftMigration = 1100;
					};
					E65C224D232838BF006493F5 = {
						CreatedOnToolsVersion = 11.0;
					};
				};
			};
			buildConfigurationList = E65C2238232838BB006493F5 /* Build configuration list for PBXProject "ReittiKello" */;
			compatibilityVersion = "Xcode 9.3";
			developmentRegion = en;
			hasScannedForEncodings = 0;
			knownRegions = (
				en,
				Base,
			);
			mainGroup = E65C2234232838BB006493F5;
			productRefGroup = E65C223C232838BB006493F5 /* Products */;
			projectDirPath = "";
			projectRoot = "";
			targets = (
				E65C223A232838BB006493F5 /* ReittiKello */,
				E65C223E232838BB006493F5 /* ReittiKello WatchKit App */,
				E65C224D232838BF006493F5 /* ReittiKello WatchKit Extension */,
			);
		};
/* End PBXProject section */

/* Begin PBXResourcesBuildPhase section */
		E65C2239232838BB006493F5 /* Resources */ = {
			isa = PBXResourcesBuildPhase;
			buildActionMask = 2147483647;
			files = (
			);
			runOnlyForDeploymentPostprocessing = 0;
		};
		E65C223D232838BB006493F5 /* Resources */ = {
			isa = PBXResourcesBuildPhase;
			buildActionMask = 2147483647;
			files = (
				E65C2248232838BE006493F5 /* Assets.xcassets in Resources */,
				E65C2246232838BC006493F5 /* Interface.storyboard in Resources */,
			);
			runOnlyForDeploymentPostprocessing = 0;
		};
		E65C224C232838BF006493F5 /* Resources */ = {
			isa = PBXResourcesBuildPhase;
			buildActionMask = 2147483647;
			files = (
				E65C2263232838BF006493F5 /* Preview Assets.xcassets in Resources */,
				E69B5A2D232D54D200A44B36 /* schema.json in Resources */,
				E65C2260232838BF006493F5 /* Assets.xcassets in Resources */,
				E69B5A30232D568A00A44B36 /* hsl.graphql in Resources */,
			);
			runOnlyForDeploymentPostprocessing = 0;
		};
/* End PBXResourcesBuildPhase section */

/* Begin PBXShellScriptBuildPhase section */
		619DFB61A76A34B819E9FA6F /* [CP] Check Pods Manifest.lock */ = {
			isa = PBXShellScriptBuildPhase;
			buildActionMask = 2147483647;
			files = (
			);
			inputFileListPaths = (
			);
			inputPaths = (
				"${PODS_PODFILE_DIR_PATH}/Podfile.lock",
				"${PODS_ROOT}/Manifest.lock",
			);
			name = "[CP] Check Pods Manifest.lock";
			outputFileListPaths = (
			);
			outputPaths = (
				"$(DERIVED_FILE_DIR)/Pods-ReittiKello-checkManifestLockResult.txt",
			);
			runOnlyForDeploymentPostprocessing = 0;
			shellPath = /bin/sh;
			shellScript = "diff \"${PODS_PODFILE_DIR_PATH}/Podfile.lock\" \"${PODS_ROOT}/Manifest.lock\" > /dev/null\nif [ $? != 0 ] ; then\n    # print error to STDERR\n    echo \"error: The sandbox is not in sync with the Podfile.lock. Run 'pod install' or update your CocoaPods installation.\" >&2\n    exit 1\nfi\n# This output is used by Xcode 'outputs' to avoid re-running this script phase.\necho \"SUCCESS\" > \"${SCRIPT_OUTPUT_FILE_0}\"\n";
			showEnvVarsInLog = 0;
		};
		C414A7BF36830FA845BC0FB4 /* [CP] Check Pods Manifest.lock */ = {
			isa = PBXShellScriptBuildPhase;
			buildActionMask = 2147483647;
			files = (
			);
			inputFileListPaths = (
			);
			inputPaths = (
				"${PODS_PODFILE_DIR_PATH}/Podfile.lock",
				"${PODS_ROOT}/Manifest.lock",
			);
			name = "[CP] Check Pods Manifest.lock";
			outputFileListPaths = (
			);
			outputPaths = (
				"$(DERIVED_FILE_DIR)/Pods-ReittiKello WatchKit Extension-checkManifestLockResult.txt",
			);
			runOnlyForDeploymentPostprocessing = 0;
			shellPath = /bin/sh;
			shellScript = "diff \"${PODS_PODFILE_DIR_PATH}/Podfile.lock\" \"${PODS_ROOT}/Manifest.lock\" > /dev/null\nif [ $? != 0 ] ; then\n    # print error to STDERR\n    echo \"error: The sandbox is not in sync with the Podfile.lock. Run 'pod install' or update your CocoaPods installation.\" >&2\n    exit 1\nfi\n# This output is used by Xcode 'outputs' to avoid re-running this script phase.\necho \"SUCCESS\" > \"${SCRIPT_OUTPUT_FILE_0}\"\n";
			showEnvVarsInLog = 0;
		};
		CB60CDF0505EFA2B9FEEB393 /* [CP] Check Pods Manifest.lock */ = {
			isa = PBXShellScriptBuildPhase;
			buildActionMask = 2147483647;
			files = (
			);
			inputFileListPaths = (
			);
			inputPaths = (
				"${PODS_PODFILE_DIR_PATH}/Podfile.lock",
				"${PODS_ROOT}/Manifest.lock",
			);
			name = "[CP] Check Pods Manifest.lock";
			outputFileListPaths = (
			);
			outputPaths = (
				"$(DERIVED_FILE_DIR)/Pods-ReittiKello WatchKit App-checkManifestLockResult.txt",
			);
			runOnlyForDeploymentPostprocessing = 0;
			shellPath = /bin/sh;
			shellScript = "diff \"${PODS_PODFILE_DIR_PATH}/Podfile.lock\" \"${PODS_ROOT}/Manifest.lock\" > /dev/null\nif [ $? != 0 ] ; then\n    # print error to STDERR\n    echo \"error: The sandbox is not in sync with the Podfile.lock. Run 'pod install' or update your CocoaPods installation.\" >&2\n    exit 1\nfi\n# This output is used by Xcode 'outputs' to avoid re-running this script phase.\necho \"SUCCESS\" > \"${SCRIPT_OUTPUT_FILE_0}\"\n";
			showEnvVarsInLog = 0;
		};
		E69B5A2E232D54E500A44B36 /*  Generate Apollo GraphQL API */ = {
			isa = PBXShellScriptBuildPhase;
			buildActionMask = 2147483647;
			files = (
			);
			inputFileListPaths = (
			);
			inputPaths = (
			);
			name = " Generate Apollo GraphQL API";
			outputFileListPaths = (
			);
			outputPaths = (
			);
			runOnlyForDeploymentPostprocessing = 0;
			shellPath = /bin/sh;
			shellScript = "SCRIPT_PATH=\"${PODS_ROOT}/Apollo/scripts\"\ncd \"${SRCROOT}/${TARGET_NAME}\"\n\"${SCRIPT_PATH}\"/check-and-run-apollo-cli.sh codegen:generate --target=swift --includes=./**/*.graphql --localSchemaFile=\"schema.json\" API.swift\n";
		};
		F35988C6FC725F34C2E1E76F /* [CP] Embed Pods Frameworks */ = {
			isa = PBXShellScriptBuildPhase;
			buildActionMask = 2147483647;
			files = (
			);
			inputFileListPaths = (
				"${PODS_ROOT}/Target Support Files/Pods-ReittiKello WatchKit Extension/Pods-ReittiKello WatchKit Extension-frameworks-${CONFIGURATION}-input-files.xcfilelist",
			);
			name = "[CP] Embed Pods Frameworks";
			outputFileListPaths = (
				"${PODS_ROOT}/Target Support Files/Pods-ReittiKello WatchKit Extension/Pods-ReittiKello WatchKit Extension-frameworks-${CONFIGURATION}-output-files.xcfilelist",
			);
			runOnlyForDeploymentPostprocessing = 0;
			shellPath = /bin/sh;
			shellScript = "\"${PODS_ROOT}/Target Support Files/Pods-ReittiKello WatchKit Extension/Pods-ReittiKello WatchKit Extension-frameworks.sh\"\n";
			showEnvVarsInLog = 0;
		};
/* End PBXShellScriptBuildPhase section */

/* Begin PBXSourcesBuildPhase section */
		E65C224A232838BF006493F5 /* Sources */ = {
			isa = PBXSourcesBuildPhase;
			buildActionMask = 2147483647;
			files = (
				E65C2256232838BF006493F5 /* HostingController.swift in Sources */,
				E65C2254232838BF006493F5 /* ContentView.swift in Sources */,
				E65C225A232838BF006493F5 /* NotificationController.swift in Sources */,
				E60A8D652338EE2800F0567E /* DeparturesView.swift in Sources */,
				E65C2258232838BF006493F5 /* ExtensionDelegate.swift in Sources */,
				E65C225C232838BF006493F5 /* NotificationView.swift in Sources */,
				E60A8D5F23376DAC00F0567E /* ViewModels.swift in Sources */,
				E60A8D632337AACF00F0567E /* StopRow.swift in Sources */,
				E60A8D61233787FD00F0567E /* LocationService.swift in Sources */,
				E64AFA1F232D11B6003970B5 /* NetworkingService.swift in Sources */,
				E65C225E232838BF006493F5 /* ComplicationController.swift in Sources */,
				E69B5A32232D57C600A44B36 /* API.swift in Sources */,
				E6BC7A12232D18B70098C55A /* DeprtureRow.swift in Sources */,
			);
			runOnlyForDeploymentPostprocessing = 0;
		};
/* End PBXSourcesBuildPhase section */

/* Begin PBXTargetDependency section */
		E65C2242232838BB006493F5 /* PBXTargetDependency */ = {
			isa = PBXTargetDependency;
			target = E65C223E232838BB006493F5 /* ReittiKello WatchKit App */;
			targetProxy = E65C2241232838BB006493F5 /* PBXContainerItemProxy */;
		};
		E65C2251232838BF006493F5 /* PBXTargetDependency */ = {
			isa = PBXTargetDependency;
			target = E65C224D232838BF006493F5 /* ReittiKello WatchKit Extension */;
			targetProxy = E65C2250232838BF006493F5 /* PBXContainerItemProxy */;
		};
/* End PBXTargetDependency section */

/* Begin PBXVariantGroup section */
		E65C2244232838BC006493F5 /* Interface.storyboard */ = {
			isa = PBXVariantGroup;
			children = (
				E65C2245232838BC006493F5 /* Base */,
			);
			name = Interface.storyboard;
			sourceTree = "<group>";
		};
/* End PBXVariantGroup section */

/* Begin XCBuildConfiguration section */
		E65C2266232838BF006493F5 /* Debug */ = {
			isa = XCBuildConfiguration;
			buildSettings = {
				ALWAYS_SEARCH_USER_PATHS = NO;
				CLANG_ANALYZER_NONNULL = YES;
				CLANG_ANALYZER_NUMBER_OBJECT_CONVERSION = YES_AGGRESSIVE;
				CLANG_CXX_LANGUAGE_STANDARD = "gnu++14";
				CLANG_CXX_LIBRARY = "libc++";
				CLANG_ENABLE_MODULES = YES;
				CLANG_ENABLE_OBJC_ARC = YES;
				CLANG_ENABLE_OBJC_WEAK = YES;
				CLANG_WARN_BLOCK_CAPTURE_AUTORELEASING = YES;
				CLANG_WARN_BOOL_CONVERSION = YES;
				CLANG_WARN_COMMA = YES;
				CLANG_WARN_CONSTANT_CONVERSION = YES;
				CLANG_WARN_DEPRECATED_OBJC_IMPLEMENTATIONS = YES;
				CLANG_WARN_DIRECT_OBJC_ISA_USAGE = YES_ERROR;
				CLANG_WARN_DOCUMENTATION_COMMENTS = YES;
				CLANG_WARN_EMPTY_BODY = YES;
				CLANG_WARN_ENUM_CONVERSION = YES;
				CLANG_WARN_INFINITE_RECURSION = YES;
				CLANG_WARN_INT_CONVERSION = YES;
				CLANG_WARN_NON_LITERAL_NULL_CONVERSION = YES;
				CLANG_WARN_OBJC_IMPLICIT_RETAIN_SELF = YES;
				CLANG_WARN_OBJC_LITERAL_CONVERSION = YES;
				CLANG_WARN_OBJC_ROOT_CLASS = YES_ERROR;
				CLANG_WARN_RANGE_LOOP_ANALYSIS = YES;
				CLANG_WARN_STRICT_PROTOTYPES = YES;
				CLANG_WARN_SUSPICIOUS_MOVE = YES;
				CLANG_WARN_UNGUARDED_AVAILABILITY = YES_AGGRESSIVE;
				CLANG_WARN_UNREACHABLE_CODE = YES;
				CLANG_WARN__DUPLICATE_METHOD_MATCH = YES;
				COPY_PHASE_STRIP = NO;
				DEBUG_INFORMATION_FORMAT = dwarf;
				ENABLE_STRICT_OBJC_MSGSEND = YES;
				ENABLE_TESTABILITY = YES;
				GCC_C_LANGUAGE_STANDARD = gnu11;
				GCC_DYNAMIC_NO_PIC = NO;
				GCC_NO_COMMON_BLOCKS = YES;
				GCC_OPTIMIZATION_LEVEL = 0;
				GCC_PREPROCESSOR_DEFINITIONS = (
					"DEBUG=1",
					"$(inherited)",
				);
				GCC_WARN_64_TO_32_BIT_CONVERSION = YES;
				GCC_WARN_ABOUT_RETURN_TYPE = YES_ERROR;
				GCC_WARN_UNDECLARED_SELECTOR = YES;
				GCC_WARN_UNINITIALIZED_AUTOS = YES_AGGRESSIVE;
				GCC_WARN_UNUSED_FUNCTION = YES;
				GCC_WARN_UNUSED_VARIABLE = YES;
				MTL_ENABLE_DEBUG_INFO = INCLUDE_SOURCE;
				MTL_FAST_MATH = YES;
				ONLY_ACTIVE_ARCH = YES;
				SDKROOT = iphoneos;
				SWIFT_ACTIVE_COMPILATION_CONDITIONS = DEBUG;
				SWIFT_OPTIMIZATION_LEVEL = "-Onone";
			};
			name = Debug;
		};
		E65C2267232838BF006493F5 /* Release */ = {
			isa = XCBuildConfiguration;
			buildSettings = {
				ALWAYS_SEARCH_USER_PATHS = NO;
				CLANG_ANALYZER_NONNULL = YES;
				CLANG_ANALYZER_NUMBER_OBJECT_CONVERSION = YES_AGGRESSIVE;
				CLANG_CXX_LANGUAGE_STANDARD = "gnu++14";
				CLANG_CXX_LIBRARY = "libc++";
				CLANG_ENABLE_MODULES = YES;
				CLANG_ENABLE_OBJC_ARC = YES;
				CLANG_ENABLE_OBJC_WEAK = YES;
				CLANG_WARN_BLOCK_CAPTURE_AUTORELEASING = YES;
				CLANG_WARN_BOOL_CONVERSION = YES;
				CLANG_WARN_COMMA = YES;
				CLANG_WARN_CONSTANT_CONVERSION = YES;
				CLANG_WARN_DEPRECATED_OBJC_IMPLEMENTATIONS = YES;
				CLANG_WARN_DIRECT_OBJC_ISA_USAGE = YES_ERROR;
				CLANG_WARN_DOCUMENTATION_COMMENTS = YES;
				CLANG_WARN_EMPTY_BODY = YES;
				CLANG_WARN_ENUM_CONVERSION = YES;
				CLANG_WARN_INFINITE_RECURSION = YES;
				CLANG_WARN_INT_CONVERSION = YES;
				CLANG_WARN_NON_LITERAL_NULL_CONVERSION = YES;
				CLANG_WARN_OBJC_IMPLICIT_RETAIN_SELF = YES;
				CLANG_WARN_OBJC_LITERAL_CONVERSION = YES;
				CLANG_WARN_OBJC_ROOT_CLASS = YES_ERROR;
				CLANG_WARN_RANGE_LOOP_ANALYSIS = YES;
				CLANG_WARN_STRICT_PROTOTYPES = YES;
				CLANG_WARN_SUSPICIOUS_MOVE = YES;
				CLANG_WARN_UNGUARDED_AVAILABILITY = YES_AGGRESSIVE;
				CLANG_WARN_UNREACHABLE_CODE = YES;
				CLANG_WARN__DUPLICATE_METHOD_MATCH = YES;
				COPY_PHASE_STRIP = NO;
				DEBUG_INFORMATION_FORMAT = "dwarf-with-dsym";
				ENABLE_NS_ASSERTIONS = NO;
				ENABLE_STRICT_OBJC_MSGSEND = YES;
				GCC_C_LANGUAGE_STANDARD = gnu11;
				GCC_NO_COMMON_BLOCKS = YES;
				GCC_WARN_64_TO_32_BIT_CONVERSION = YES;
				GCC_WARN_ABOUT_RETURN_TYPE = YES_ERROR;
				GCC_WARN_UNDECLARED_SELECTOR = YES;
				GCC_WARN_UNINITIALIZED_AUTOS = YES_AGGRESSIVE;
				GCC_WARN_UNUSED_FUNCTION = YES;
				GCC_WARN_UNUSED_VARIABLE = YES;
				MTL_ENABLE_DEBUG_INFO = NO;
				MTL_FAST_MATH = YES;
				SDKROOT = iphoneos;
				SWIFT_COMPILATION_MODE = wholemodule;
				SWIFT_OPTIMIZATION_LEVEL = "-O";
				VALIDATE_PRODUCT = YES;
			};
			name = Release;
		};
		E65C2269232838BF006493F5 /* Debug */ = {
			isa = XCBuildConfiguration;
			baseConfigurationReference = 0FA9ACFA070BFB1B06D001EB /* Pods-ReittiKello WatchKit Extension.debug.xcconfig */;
			buildSettings = {
				ASSETCATALOG_COMPILER_COMPLICATION_NAME = Complication;
				CODE_SIGN_STYLE = Automatic;
				CURRENT_PROJECT_VERSION = 20;
				DEVELOPMENT_ASSET_PATHS = "\"ReittiKello WatchKit Extension/Preview Content\"";
				DEVELOPMENT_TEAM = 6T8F5MPVZ3;
				ENABLE_PREVIEWS = YES;
				INFOPLIST_FILE = "ReittiKello WatchKit Extension/Info.plist";
				LD_RUNPATH_SEARCH_PATHS = (
					"$(inherited)",
					"@executable_path/Frameworks",
					"@executable_path/../../Frameworks",
				);
				PRODUCT_BUNDLE_IDENTIFIER = morttiaittokoski.PysakkiKello.watchkitapp.watchkitextension;
				PRODUCT_NAME = "${TARGET_NAME}";
				SDKROOT = watchos;
				SKIP_INSTALL = YES;
				SWIFT_VERSION = 5.0;
				TARGETED_DEVICE_FAMILY = 4;
				WATCHOS_DEPLOYMENT_TARGET = 6.0;
			};
			name = Debug;
		};
		E65C226A232838BF006493F5 /* Release */ = {
			isa = XCBuildConfiguration;
			baseConfigurationReference = F22EC24B9E931541322912C3 /* Pods-ReittiKello WatchKit Extension.release.xcconfig */;
			buildSettings = {
				ASSETCATALOG_COMPILER_COMPLICATION_NAME = Complication;
				CODE_SIGN_STYLE = Automatic;
				CURRENT_PROJECT_VERSION = 20;
				DEVELOPMENT_ASSET_PATHS = "\"ReittiKello WatchKit Extension/Preview Content\"";
				DEVELOPMENT_TEAM = 6T8F5MPVZ3;
				ENABLE_PREVIEWS = YES;
				INFOPLIST_FILE = "ReittiKello WatchKit Extension/Info.plist";
				LD_RUNPATH_SEARCH_PATHS = (
					"$(inherited)",
					"@executable_path/Frameworks",
					"@executable_path/../../Frameworks",
				);
				PRODUCT_BUNDLE_IDENTIFIER = morttiaittokoski.PysakkiKello.watchkitapp.watchkitextension;
				PRODUCT_NAME = "${TARGET_NAME}";
				SDKROOT = watchos;
				SKIP_INSTALL = YES;
				SWIFT_VERSION = 5.0;
				TARGETED_DEVICE_FAMILY = 4;
				WATCHOS_DEPLOYMENT_TARGET = 6.0;
			};
			name = Release;
		};
		E65C226D232838BF006493F5 /* Debug */ = {
			isa = XCBuildConfiguration;
			baseConfigurationReference = 85851E6C2CA000159A8619CF /* Pods-ReittiKello WatchKit App.debug.xcconfig */;
			buildSettings = {
				ASSETCATALOG_COMPILER_APPICON_NAME = AppIcon;
				CLANG_ENABLE_MODULES = YES;
				CODE_SIGN_STYLE = Automatic;
				CURRENT_PROJECT_VERSION = 20;
				DEVELOPMENT_TEAM = 6T8F5MPVZ3;
				IBSC_MODULE = ReittiKello_WatchKit_Extension;
				INFOPLIST_FILE = "ReittiKello WatchKit App/Info.plist";
				LD_RUNPATH_SEARCH_PATHS = (
					"$(inherited)",
					"@executable_path/../Frameworks",
					"@loader_path/../Frameworks",
				);
				PRODUCT_BUNDLE_IDENTIFIER = morttiaittokoski.PysakkiKello.watchkitapp;
				PRODUCT_NAME = "$(TARGET_NAME)";
				SDKROOT = watchos;
				SKIP_INSTALL = YES;
				SWIFT_OPTIMIZATION_LEVEL = "-Onone";
				SWIFT_VERSION = 5.0;
				TARGETED_DEVICE_FAMILY = 4;
				WATCHOS_DEPLOYMENT_TARGET = 6.0;
			};
			name = Debug;
		};
		E65C226E232838BF006493F5 /* Release */ = {
			isa = XCBuildConfiguration;
			baseConfigurationReference = 263532E5DFB11D8AA51B9476 /* Pods-ReittiKello WatchKit App.release.xcconfig */;
			buildSettings = {
				ASSETCATALOG_COMPILER_APPICON_NAME = AppIcon;
				CLANG_ENABLE_MODULES = YES;
				CODE_SIGN_STYLE = Automatic;
				CURRENT_PROJECT_VERSION = 20;
				DEVELOPMENT_TEAM = 6T8F5MPVZ3;
				IBSC_MODULE = ReittiKello_WatchKit_Extension;
				INFOPLIST_FILE = "ReittiKello WatchKit App/Info.plist";
				LD_RUNPATH_SEARCH_PATHS = (
					"$(inherited)",
					"@executable_path/../Frameworks",
					"@loader_path/../Frameworks",
				);
				PRODUCT_BUNDLE_IDENTIFIER = morttiaittokoski.PysakkiKello.watchkitapp;
				PRODUCT_NAME = "$(TARGET_NAME)";
				SDKROOT = watchos;
				SKIP_INSTALL = YES;
				SWIFT_VERSION = 5.0;
				TARGETED_DEVICE_FAMILY = 4;
				WATCHOS_DEPLOYMENT_TARGET = 6.0;
			};
			name = Release;
		};
		E65C2271232838BF006493F5 /* Debug */ = {
			isa = XCBuildConfiguration;
			baseConfigurationReference = 3404E6CFBF858EBF58BC6F8A /* Pods-ReittiKello.debug.xcconfig */;
			buildSettings = {
				CLANG_ENABLE_MODULES = YES;
				CODE_SIGN_STYLE = Automatic;
				CURRENT_PROJECT_VERSION = 20;
				DEVELOPMENT_TEAM = 6T8F5MPVZ3;
				LD_RUNPATH_SEARCH_PATHS = (
					"$(inherited)",
					"@executable_path/Frameworks",
					"@loader_path/Frameworks",
				);
				MARKETING_VERSION = 1.0;
				PRODUCT_BUNDLE_IDENTIFIER = morttiaittokoski.PysakkiKello;
				PRODUCT_NAME = "$(TARGET_NAME)";
				SWIFT_OPTIMIZATION_LEVEL = "-Onone";
				SWIFT_VERSION = 5.0;
			};
			name = Debug;
		};
		E65C2272232838BF006493F5 /* Release */ = {
			isa = XCBuildConfiguration;
			baseConfigurationReference = 798D839723B884E2FC5738FC /* Pods-ReittiKello.release.xcconfig */;
			buildSettings = {
				CLANG_ENABLE_MODULES = YES;
				CODE_SIGN_STYLE = Automatic;
				CURRENT_PROJECT_VERSION = 20;
				DEVELOPMENT_TEAM = 6T8F5MPVZ3;
				LD_RUNPATH_SEARCH_PATHS = (
					"$(inherited)",
					"@executable_path/Frameworks",
					"@loader_path/Frameworks",
				);
				MARKETING_VERSION = 1.0;
				PRODUCT_BUNDLE_IDENTIFIER = morttiaittokoski.PysakkiKello;
				PRODUCT_NAME = "$(TARGET_NAME)";
				SWIFT_VERSION = 5.0;
			};
			name = Release;
		};
/* End XCBuildConfiguration section */

/* Begin XCConfigurationList section */
		E65C2238232838BB006493F5 /* Build configuration list for PBXProject "ReittiKello" */ = {
			isa = XCConfigurationList;
			buildConfigurations = (
				E65C2266232838BF006493F5 /* Debug */,
				E65C2267232838BF006493F5 /* Release */,
			);
			defaultConfigurationIsVisible = 0;
			defaultConfigurationName = Release;
		};
		E65C2268232838BF006493F5 /* Build configuration list for PBXNativeTarget "ReittiKello WatchKit Extension" */ = {
			isa = XCConfigurationList;
			buildConfigurations = (
				E65C2269232838BF006493F5 /* Debug */,
				E65C226A232838BF006493F5 /* Release */,
			);
			defaultConfigurationIsVisible = 0;
			defaultConfigurationName = Release;
		};
		E65C226C232838BF006493F5 /* Build configuration list for PBXNativeTarget "ReittiKello WatchKit App" */ = {
			isa = XCConfigurationList;
			buildConfigurations = (
				E65C226D232838BF006493F5 /* Debug */,
				E65C226E232838BF006493F5 /* Release */,
			);
			defaultConfigurationIsVisible = 0;
			defaultConfigurationName = Release;
		};
		E65C2270232838BF006493F5 /* Build configuration list for PBXNativeTarget "ReittiKello" */ = {
			isa = XCConfigurationList;
			buildConfigurations = (
				E65C2271232838BF006493F5 /* Debug */,
				E65C2272232838BF006493F5 /* Release */,
			);
			defaultConfigurationIsVisible = 0;
			defaultConfigurationName = Release;
		};
/* End XCConfigurationList section */
	};
	rootObject = E65C2235232838BB006493F5 /* Project object */;
}
